{
  "pins" : [
    {
      "identity" : "collections",
      "kind" : "remoteSourceControl",
      "location" : "https://github.com/fang-ling/collections",
      "state" : {
        "revision" : "bdf6edc208fa4a97cf59eea25c1e9d2269ab71f4",
        "version" : "0.0.8"
      }
    },
    {
      "identity" : "image-codec",
      "kind" : "remoteSourceControl",
      "location" : "https://github.com/fang-ling/image-codec",
      "state" : {
        "revision" : "7e428fba79dcb803e2541055b60947e603196875",
        "version" : "0.0.21"
      }
    },
    {
      "identity" : "image-transformation",
      "kind" : "remoteSourceControl",
      "location" : "https://github.com/fang-ling/image-transformation",
      "state" : {
        "revision" : "3b3464e3664bd017d30bfac0bca96fb4a290a1d1",
        "version" : "0.0.7"
      }
    },
    {
      "identity" : "swift-argument-parser",
      "kind" : "remoteSourceControl",
      "location" : "https://github.com/apple/swift-argument-parser",
      "state" : {
        "revision" : "fee6933f37fde9a5e12a1e4aeaa93fe60116ff2a",
        "version" : "1.2.2"
      }
    }
  ],
  "version" : 2
}
