{
  "pins" : [
    {
      "identity" : "collections",
      "kind" : "remoteSourceControl",
      "location" : "https://github.com/fang-ling/collections",
      "state" : {
        "revision" : "144af35fc70de8dafc443f0dcbe7ad877fdee27f",
        "version" : "0.0.2"
      }
    },
    {
      "identity" : "image-codec",
      "kind" : "remoteSourceControl",
      "location" : "https://github.com/fang-ling/image-codec",
      "state" : {
        "revision" : "5129f572bc128ad6b148954807ceecf7d22415af",
        "version" : "0.0.11"
      }
    },
    {
      "identity" : "image-transformation",
      "kind" : "remoteSourceControl",
      "location" : "https://github.com/fang-ling/image-transformation",
      "state" : {
        "revision" : "6e825914e77a6cc93c505418d33cabc3703e95f1",
        "version" : "0.0.1"
      }
    },
    {
      "identity" : "swift-argument-parser",
      "kind" : "remoteSourceControl",
      "location" : "https://github.com/apple/swift-argument-parser",
      "state" : {
        "revision" : "fee6933f37fde9a5e12a1e4aeaa93fe60116ff2a",
        "version" : "1.2.2"
      }
    },
    {
      "identity" : "swift-png",
      "kind" : "remoteSourceControl",
      "location" : "https://github.com/tayloraswift/swift-png",
      "state" : {
        "revision" : "075dfb248ae327822635370e9d4f94a5d3fe93b2",
        "version" : "4.0.2"
      }
    }
  ],
  "version" : 2
}
